
Microsoft Visual Studio Solution File, Format Version 12.00
# Visual Studio Version 16
VisualStudioVersion = 16.0.28803.202
MinimumVisualStudioVersion = 10.0.40219.1
Project("{FAE04EC0-301F-11D3-BF4B-00C04F79EFBC}") = "API", "API\API.csproj", "{9477CDA3-7B0A-45FD-8948-A748F63E9A65}"
EndProject
Project("{FAE04EC0-301F-11D3-BF4B-00C04F79EFBC}") = "Wedding_Hall_Website", "Wedding_Hall_Website\Wedding_Hall_Website.csproj", "{432B18D3-3681-458D-8BA2-1A35A0CA55B2}"
EndProject
Global
	GlobalSection(SolutionConfigurationPlatforms) = preSolution
		Debug|Any CPU = Debug|Any CPU
		Release|Any CPU = Release|Any CPU
	EndGlobalSection
	GlobalSection(ProjectConfigurationPlatforms) = postSolution
		{9477CDA3-7B0A-45FD-8948-A748F63E9A65}.Debug|Any CPU.ActiveCfg = Debug|Any CPU
		{9477CDA3-7B0A-45FD-8948-A748F63E9A65}.Debug|Any CPU.Build.0 = Debug|Any CPU
		{9477CDA3-7B0A-45FD-8948-A748F63E9A65}.Release|Any CPU.ActiveCfg = Release|Any CPU
		{9477CDA3-7B0A-45FD-8948-A748F63E9A65}.Release|Any CPU.Build.0 = Release|Any CPU
		{432B18D3-3681-458D-8BA2-1A35A0CA55B2}.Debug|Any CPU.ActiveCfg = Debug|Any CPU
		{432B18D3-3681-458D-8BA2-1A35A0CA55B2}.Debug|Any CPU.Build.0 = Debug|Any CPU
		{432B18D3-3681-458D-8BA2-1A35A0CA55B2}.Release|Any CPU.ActiveCfg = Release|Any CPU
		{432B18D3-3681-458D-8BA2-1A35A0CA55B2}.Release|Any CPU.Build.0 = Release|Any CPU
	EndGlobalSection
	GlobalSection(SolutionProperties) = preSolution
		HideSolutionNode = FALSE
	EndGlobalSection
	GlobalSection(ExtensibilityGlobals) = postSolution
		SolutionGuid = {0EDA8F5F-5A10-4F70-AD5D-9BDC5FB54DF6}
	EndGlobalSection
EndGlobal
